public void show(int n)
{
    int next = n+1;
    label1.Text = "Тест " +next;

    switch (answers[n])
    {
        case 0:
            buttonright.Checked = true;
            falseone.Checked = false;
            falseagain.Checked = false;
            break;
        case 1:
            buttonright.Checked = false;
            falseone.Checked = true;
            falseagain.Checked = false;
            break;
        case 2:
            buttonright.Checked = false;
            falseone.Checked = false;
            falseagain.Checked = true;
            break;
    }
    switch (n)
    {
        case 0:
            questone.Text = "первый вопрос";

            break;
        case 1:
            questone.Text = "второй вопрос";
            break;
        case 2:
            questone.Text = "третий вопрос";
            break;
    }
}
