public void show(int n)
{
    int next = n+1;
    label1.Text = "Тест " +next;

    switch (answers[n])
    {
        case 0:
            buttonright.Checked = true;
            falseone.Checked = false;
            falseagain.Checked = false;
            break;
        case 1:
            buttonright.Checked = false;
            falseone.Checked = true;
            falseagain.Checked = false;
            break;
        case 2:
            buttonright.Checked = false;
            falseone.Checked = false;
            falseagain.Checked = true;
            break;
    }
   
       //Вопрос
switch (n)
{
    case 0:
        questone.Text = "Персональный компьютер состоит из:";

        break;
    case 1:
        questone.Text = "Разрядность микропроцессора — это:";
        break;
    case 2:
        questone.Text = "Постоянная память предназначена для";
        break;
}
//Первые ответы
switch (n)
{
    case 0:
        checkboxone.Text = "системного блока";
        break;
    case 1:
        checkboxtwo.Text = "телефона";
        break;
    case 2:
        checkboxtrihd.Text = "плеера";
        break;
}
//Второй ответ
if (n==1)
{
    checkboxone.Text = "наибольшая единица информации";
    checkboxtwo.Text = "количество битов, которое воспринимается микропроцессором как единое целое";
    checkboxtrihd.Text = "наименьшая единица информации";
}
    }
}
